{
    "name": "@bobril/highlighter",
    "version": "1.1.0",
    "lockfileVersion": 3,
    "requires": true,
    "packages": {
        "": {
            "name": "@bobril/highlighter",
            "version": "1.1.0",
            "license": "MIT",
            "dependencies": {
                "bobril": "*",
                "highlight.js": "~11.9.0"
            },
            "devDependencies": {
                "css": "^2.2.1",
                "to-camel-case": "^1.0.0",
                "typescript": "^5.4.5"
            }
        },
        "node_modules/atob": {
            "version": "2.1.2",
            "resolved": "https://registry.npmjs.org/atob/-/atob-2.1.2.tgz",
            "integrity": "sha512-Wm6ukoaOGJi/73p/cl2GvLjTI5JM1k/O14isD73YML8StrH/7/lRFgmg8nICZgD3bZZvjwCGxtMOD3wWNAu8cg==",
            "dev": true,
            "bin": {
                "atob": "bin/atob.js"
            },
            "engines": {
                "node": ">= 4.5.0"
            }
        },
        "node_modules/bobril": {
            "version": "20.7.1",
            "resolved": "https://registry.npmjs.org/bobril/-/bobril-20.7.1.tgz",
            "integrity": "sha512-KiyG/zysyze3w87O/6eHl1XmLPMkZdAW6Pt4y5k5w2ZtORsLKLyB+yEWvTHQl/XFE6OucwxexZplwpHJO6Wlwg=="
        },
        "node_modules/css": {
            "version": "2.2.4",
            "resolved": "https://registry.npmjs.org/css/-/css-2.2.4.tgz",
            "integrity": "sha512-oUnjmWpy0niI3x/mPL8dVEI1l7MnG3+HHyRPHf+YFSbK+svOhXpmSOcDURUh2aOCgl2grzrOPt1nHLuCVFULLw==",
            "dev": true,
            "dependencies": {
                "inherits": "^2.0.3",
                "source-map": "^0.6.1",
                "source-map-resolve": "^0.5.2",
                "urix": "^0.1.0"
            }
        },
        "node_modules/decode-uri-component": {
            "version": "0.2.2",
            "resolved": "https://registry.npmjs.org/decode-uri-component/-/decode-uri-component-0.2.2.tgz",
            "integrity": "sha512-FqUYQ+8o158GyGTrMFJms9qh3CqTKvAqgqsTnkLI8sKu0028orqBhxNMFkFen0zGyg6epACD32pjVk58ngIErQ==",
            "dev": true,
            "engines": {
                "node": ">=0.10"
            }
        },
        "node_modules/highlight.js": {
            "version": "11.9.0",
            "resolved": "https://registry.npmjs.org/highlight.js/-/highlight.js-11.9.0.tgz",
            "integrity": "sha512-fJ7cW7fQGCYAkgv4CPfwFHrfd/cLS4Hau96JuJ+ZTOWhjnhoeN1ub1tFmALm/+lW5z4WCAuAV9bm05AP0mS6Gw==",
            "engines": {
                "node": ">=12.0.0"
            }
        },
        "node_modules/inherits": {
            "version": "2.0.4",
            "resolved": "https://registry.npmjs.org/inherits/-/inherits-2.0.4.tgz",
            "integrity": "sha512-k/vGaX4/Yla3WzyMCvTQOXYeIHvqOKtnqBduzTHpzpQZzAskKMhZ2K+EnBiSM9zGSoIFeMpXKxa4dYeZIQqewQ==",
            "dev": true
        },
        "node_modules/resolve-url": {
            "version": "0.2.1",
            "resolved": "https://registry.npmjs.org/resolve-url/-/resolve-url-0.2.1.tgz",
            "integrity": "sha512-ZuF55hVUQaaczgOIwqWzkEcEidmlD/xl44x1UZnhOXcYuFN2S6+rcxpG+C1N3So0wvNI3DmJICUFfu2SxhBmvg==",
            "deprecated": "https://github.com/lydell/resolve-url#deprecated",
            "dev": true
        },
        "node_modules/source-map": {
            "version": "0.6.1",
            "resolved": "https://registry.npmjs.org/source-map/-/source-map-0.6.1.tgz",
            "integrity": "sha512-UjgapumWlbMhkBgzT7Ykc5YXUT46F0iKu8SGXq0bcwP5dz/h0Plj6enJqjz1Zbq2l5WaqYnrVbwWOWMyF3F47g==",
            "dev": true,
            "engines": {
                "node": ">=0.10.0"
            }
        },
        "node_modules/source-map-resolve": {
            "version": "0.5.3",
            "resolved": "https://registry.npmjs.org/source-map-resolve/-/source-map-resolve-0.5.3.tgz",
            "integrity": "sha512-Htz+RnsXWk5+P2slx5Jh3Q66vhQj1Cllm0zvnaY98+NFx+Dv2CF/f5O/t8x+KaNdrdIAsruNzoh/KpialbqAnw==",
            "deprecated": "See https://github.com/lydell/source-map-resolve#deprecated",
            "dev": true,
            "dependencies": {
                "atob": "^2.1.2",
                "decode-uri-component": "^0.2.0",
                "resolve-url": "^0.2.1",
                "source-map-url": "^0.4.0",
                "urix": "^0.1.0"
            }
        },
        "node_modules/source-map-url": {
            "version": "0.4.1",
            "resolved": "https://registry.npmjs.org/source-map-url/-/source-map-url-0.4.1.tgz",
            "integrity": "sha512-cPiFOTLUKvJFIg4SKVScy4ilPPW6rFgMgfuZJPNoDuMs3nC1HbMUycBoJw77xFIp6z1UJQJOfx6C9GMH80DiTw==",
            "deprecated": "See https://github.com/lydell/source-map-url#deprecated",
            "dev": true
        },
        "node_modules/to-camel-case": {
            "version": "1.0.0",
            "resolved": "https://registry.npmjs.org/to-camel-case/-/to-camel-case-1.0.0.tgz",
            "integrity": "sha512-nD8pQi5H34kyu1QDMFjzEIYqk0xa9Alt6ZfrdEMuHCFOfTLhDG5pgTu/aAM9Wt9lXILwlXmWP43b8sav0GNE8Q==",
            "dev": true,
            "dependencies": {
                "to-space-case": "^1.0.0"
            }
        },
        "node_modules/to-no-case": {
            "version": "1.0.2",
            "resolved": "https://registry.npmjs.org/to-no-case/-/to-no-case-1.0.2.tgz",
            "integrity": "sha512-Z3g735FxuZY8rodxV4gH7LxClE4H0hTIyHNIHdk+vpQxjLm0cwnKXq/OFVZ76SOQmto7txVcwSCwkU5kqp+FKg==",
            "dev": true
        },
        "node_modules/to-space-case": {
            "version": "1.0.0",
            "resolved": "https://registry.npmjs.org/to-space-case/-/to-space-case-1.0.0.tgz",
            "integrity": "sha512-rLdvwXZ39VOn1IxGL3V6ZstoTbwLRckQmn/U8ZDLuWwIXNpuZDhQ3AiRUlhTbOXFVE9C+dR51wM0CBDhk31VcA==",
            "dev": true,
            "dependencies": {
                "to-no-case": "^1.0.0"
            }
        },
        "node_modules/typescript": {
            "version": "5.4.5",
            "resolved": "https://registry.npmjs.org/typescript/-/typescript-5.4.5.tgz",
            "integrity": "sha512-vcI4UpRgg81oIRUFwR0WSIHKt11nJ7SAVlYNIu+QpqeyXP+gpQJy/Z4+F0aGxSE4MqwjyXvW/TzgkLAx2AGHwQ==",
            "dev": true,
            "bin": {
                "tsc": "bin/tsc",
                "tsserver": "bin/tsserver"
            },
            "engines": {
                "node": ">=14.17"
            }
        },
        "node_modules/urix": {
            "version": "0.1.0",
            "resolved": "https://registry.npmjs.org/urix/-/urix-0.1.0.tgz",
            "integrity": "sha512-Am1ousAhSLBeB9cG/7k7r2R0zj50uDRlZHPGbazid5s9rlF1F/QKYObEKSIunSjIOkJZqwRRLpvewjEkM7pSqg==",
            "deprecated": "Please see https://github.com/lydell/urix#deprecated",
            "dev": true
        }
    }
}
